// !$*UTF8*$!
{
	archiveVersion = 1;
	classes = {
	};
	objectVersion = 50;
	objects = {

/* Begin PBXBuildFile section */
		33421CEC22A56CA900FE81AB /* AppDelegate.swift in Sources */ = {isa = PBXBuildFile; fileRef = 33421CEB22A56CA900FE81AB /* AppDelegate.swift */; };
		33421CEE22A56CA900FE81AB /* LiveCameraViewController.swift in Sources */ = {isa = PBXBuildFile; fileRef = 33421CED22A56CA900FE81AB /* LiveCameraViewController.swift */; };
		33421CF122A56CA900FE81AB /* LiveCameraView.storyboard in Resources */ = {isa = PBXBuildFile; fileRef = 33421CEF22A56CA900FE81AB /* LiveCameraView.storyboard */; };
		33421CF322A56CAB00FE81AB /* Assets.xcassets in Resources */ = {isa = PBXBuildFile; fileRef = 33421CF222A56CAB00FE81AB /* Assets.xcassets */; };
		33421CF622A56CAB00FE81AB /* LaunchScreen.storyboard in Resources */ = {isa = PBXBuildFile; fileRef = 33421CF422A56CAB00FE81AB /* LaunchScreen.storyboard */; };
		337336FF233F6241003129BF /* ARKitSceneManager.swift in Sources */ = {isa = PBXBuildFile; fileRef = 337336FE233F6241003129BF /* ARKitSceneManager.swift */; };
		33A6807F22A5B5CA0093B679 /* Uni.mp4 in Resources */ = {isa = PBXBuildFile; fileRef = 33A6807E22A5B5CA0093B679 /* Uni.mp4 */; };
		33EBBF0F22D74E28008AB54E /* AVPlayer+Extensions.swift in Sources */ = {isa = PBXBuildFile; fileRef = 33EBBF0E22D74E28008AB54E /* AVPlayer+Extensions.swift */; };
/* End PBXBuildFile section */

/* Begin PBXFileReference section */
		33421CE822A56CA900FE81AB /* iOS-ARVideo.app */ = {isa = PBXFileReference; explicitFileType = wrapper.application; includeInIndex = 0; path = "iOS-ARVideo.app"; sourceTree = BUILT_PRODUCTS_DIR; };
		33421CEB22A56CA900FE81AB /* AppDelegate.swift */ = {isa = PBXFileReference; lastKnownFileType = sourcecode.swift; path = AppDelegate.swift; sourceTree = "<group>"; };
		33421CED22A56CA900FE81AB /* LiveCameraViewController.swift */ = {isa = PBXFileReference; lastKnownFileType = sourcecode.swift; path = LiveCameraViewController.swift; sourceTree = "<group>"; };
		33421CF022A56CA900FE81AB /* Base */ = {isa = PBXFileReference; lastKnownFileType = file.storyboard; name = Base; path = Base.lproj/LiveCameraView.storyboard; sourceTree = "<group>"; };
		33421CF222A56CAB00FE81AB /* Assets.xcassets */ = {isa = PBXFileReference; lastKnownFileType = folder.assetcatalog; path = Assets.xcassets; sourceTree = "<group>"; };
		33421CF522A56CAB00FE81AB /* Base */ = {isa = PBXFileReference; lastKnownFileType = file.storyboard; name = Base; path = Base.lproj/LaunchScreen.storyboard; sourceTree = "<group>"; };
		33421CF722A56CAB00FE81AB /* Info.plist */ = {isa = PBXFileReference; lastKnownFileType = text.plist.xml; path = Info.plist; sourceTree = "<group>"; };
		337336FE233F6241003129BF /* ARKitSceneManager.swift */ = {isa = PBXFileReference; lastKnownFileType = sourcecode.swift; path = ARKitSceneManager.swift; sourceTree = "<group>"; };
		33A6807E22A5B5CA0093B679 /* Uni.mp4 */ = {isa = PBXFileReference; lastKnownFileType = file; path = Uni.mp4; sourceTree = "<group>"; };
		33EBBF0E22D74E28008AB54E /* AVPlayer+Extensions.swift */ = {isa = PBXFileReference; lastKnownFileType = sourcecode.swift; path = "AVPlayer+Extensions.swift"; sourceTree = "<group>"; };
/* End PBXFileReference section */

/* Begin PBXFrameworksBuildPhase section */
		33421CE522A56CA900FE81AB /* Frameworks */ = {
			isa = PBXFrameworksBuildPhase;
			buildActionMask = 2147483647;
			files = (
			);
			runOnlyForDeploymentPostprocessing = 0;
		};
/* End PBXFrameworksBuildPhase section */

/* Begin PBXGroup section */
		33421CDF22A56CA900FE81AB = {
			isa = PBXGroup;
			children = (
				33421CEA22A56CA900FE81AB /* iOS-ARVideo */,
				33421CE922A56CA900FE81AB /* Products */,
			);
			sourceTree = "<group>";
		};
		33421CE922A56CA900FE81AB /* Products */ = {
			isa = PBXGroup;
			children = (
				33421CE822A56CA900FE81AB /* iOS-ARVideo.app */,
			);
			name = Products;
			sourceTree = "<group>";
		};
		33421CEA22A56CA900FE81AB /* iOS-ARVideo */ = {
			isa = PBXGroup;
			children = (
				337336FA233F619C003129BF /* App */,
				33EBBF0D22D74E17008AB54E /* Core */,
				33421CFF22A56CD200FE81AB /* Resources */,
			);
			path = "iOS-ARVideo";
			sourceTree = "<group>";
		};
		33421CFF22A56CD200FE81AB /* Resources */ = {
			isa = PBXGroup;
			children = (
				33421CF422A56CAB00FE81AB /* LaunchScreen.storyboard */,
				33A6807E22A5B5CA0093B679 /* Uni.mp4 */,
				33421CF222A56CAB00FE81AB /* Assets.xcassets */,
				33421CF722A56CAB00FE81AB /* Info.plist */,
			);
			path = Resources;
			sourceTree = "<group>";
		};
		337336FA233F619C003129BF /* App */ = {
			isa = PBXGroup;
			children = (
				337336FC233F61E8003129BF /* LiveCameraView */,
				33421CEB22A56CA900FE81AB /* AppDelegate.swift */,
			);
			path = App;
			sourceTree = "<group>";
		};
		337336FB233F61B2003129BF /* Extensions */ = {
			isa = PBXGroup;
			children = (
				33EBBF0E22D74E28008AB54E /* AVPlayer+Extensions.swift */,
			);
			path = Extensions;
			sourceTree = "<group>";
		};
		337336FC233F61E8003129BF /* LiveCameraView */ = {
			isa = PBXGroup;
			children = (
				33421CEF22A56CA900FE81AB /* LiveCameraView.storyboard */,
				33421CED22A56CA900FE81AB /* LiveCameraViewController.swift */,
			);
			path = LiveCameraView;
			sourceTree = "<group>";
		};
		337336FD233F621D003129BF /* Managers */ = {
			isa = PBXGroup;
			children = (
				337336FE233F6241003129BF /* ARKitSceneManager.swift */,
			);
			path = Managers;
			sourceTree = "<group>";
		};
		33EBBF0D22D74E17008AB54E /* Core */ = {
			isa = PBXGroup;
			children = (
				337336FD233F621D003129BF /* Managers */,
				337336FB233F61B2003129BF /* Extensions */,
			);
			path = Core;
			sourceTree = "<group>";
		};
/* End PBXGroup section */

/* Begin PBXNativeTarget section */
		33421CE722A56CA900FE81AB /* iOS-ARVideo */ = {
			isa = PBXNativeTarget;
			buildConfigurationList = 33421CFA22A56CAB00FE81AB /* Build configuration list for PBXNativeTarget "iOS-ARVideo" */;
			buildPhases = (
				33421CE422A56CA900FE81AB /* Sources */,
				33421CE522A56CA900FE81AB /* Frameworks */,
				33421CE622A56CA900FE81AB /* Resources */,
			);
			buildRules = (
			);
			dependencies = (
			);
			name = "iOS-ARVideo";
			productName = "iOS-ARVideo";
			productReference = 33421CE822A56CA900FE81AB /* iOS-ARVideo.app */;
			productType = "com.apple.product-type.application";
		};
/* End PBXNativeTarget section */

/* Begin PBXProject section */
		33421CE022A56CA900FE81AB /* Project object */ = {
			isa = PBXProject;
			attributes = {
				LastSwiftUpdateCheck = 1020;
				LastUpgradeCheck = 1020;
				ORGANIZATIONNAME = ELezov;
				TargetAttributes = {
					33421CE722A56CA900FE81AB = {
						CreatedOnToolsVersion = 10.2.1;
					};
				};
			};
			buildConfigurationList = 33421CE322A56CA900FE81AB /* Build configuration list for PBXProject "iOS-ARVideo" */;
			compatibilityVersion = "Xcode 9.3";
			developmentRegion = en;
			hasScannedForEncodings = 0;
			knownRegions = (
				en,
				Base,
			);
			mainGroup = 33421CDF22A56CA900FE81AB;
			productRefGroup = 33421CE922A56CA900FE81AB /* Products */;
			projectDirPath = "";
			projectRoot = "";
			targets = (
				33421CE722A56CA900FE81AB /* iOS-ARVideo */,
			);
		};
/* End PBXProject section */

/* Begin PBXResourcesBuildPhase section */
		33421CE622A56CA900FE81AB /* Resources */ = {
			isa = PBXResourcesBuildPhase;
			buildActionMask = 2147483647;
			files = (
				33421CF622A56CAB00FE81AB /* LaunchScreen.storyboard in Resources */,
				33A6807F22A5B5CA0093B679 /* Uni.mp4 in Resources */,
				33421CF322A56CAB00FE81AB /* Assets.xcassets in Resources */,
				33421CF122A56CA900FE81AB /* LiveCameraView.storyboard in Resources */,
			);
			runOnlyForDeploymentPostprocessing = 0;
		};
/* End PBXResourcesBuildPhase section */

/* Begin PBXSourcesBuildPhase section */
		33421CE422A56CA900FE81AB /* Sources */ = {
			isa = PBXSourcesBuildPhase;
			buildActionMask = 2147483647;
			files = (
				33EBBF0F22D74E28008AB54E /* AVPlayer+Extensions.swift in Sources */,
				33421CEE22A56CA900FE81AB /* LiveCameraViewController.swift in Sources */,
				337336FF233F6241003129BF /* ARKitSceneManager.swift in Sources */,
				33421CEC22A56CA900FE81AB /* AppDelegate.swift in Sources */,
			);
			runOnlyForDeploymentPostprocessing = 0;
		};
/* End PBXSourcesBuildPhase section */

/* Begin PBXVariantGroup section */
		33421CEF22A56CA900FE81AB /* LiveCameraView.storyboard */ = {
			isa = PBXVariantGroup;
			children = (
				33421CF022A56CA900FE81AB /* Base */,
			);
			name = LiveCameraView.storyboard;
			sourceTree = "<group>";
		};
		33421CF422A56CAB00FE81AB /* LaunchScreen.storyboard */ = {
			isa = PBXVariantGroup;
			children = (
				33421CF522A56CAB00FE81AB /* Base */,
			);
			name = LaunchScreen.storyboard;
			sourceTree = "<group>";
		};
/* End PBXVariantGroup section */

/* Begin XCBuildConfiguration section */
		33421CF822A56CAB00FE81AB /* Debug */ = {
			isa = XCBuildConfiguration;
			buildSettings = {
				ALWAYS_SEARCH_USER_PATHS = NO;
				CLANG_ANALYZER_NONNULL = YES;
				CLANG_ANALYZER_NUMBER_OBJECT_CONVERSION = YES_AGGRESSIVE;
				CLANG_CXX_LANGUAGE_STANDARD = "gnu++14";
				CLANG_CXX_LIBRARY = "libc++";
				CLANG_ENABLE_MODULES = YES;
				CLANG_ENABLE_OBJC_ARC = YES;
				CLANG_ENABLE_OBJC_WEAK = YES;
				CLANG_WARN_BLOCK_CAPTURE_AUTORELEASING = YES;
				CLANG_WARN_BOOL_CONVERSION = YES;
				CLANG_WARN_COMMA = YES;
				CLANG_WARN_CONSTANT_CONVERSION = YES;
				CLANG_WARN_DEPRECATED_OBJC_IMPLEMENTATIONS = YES;
				CLANG_WARN_DIRECT_OBJC_ISA_USAGE = YES_ERROR;
				CLANG_WARN_DOCUMENTATION_COMMENTS = YES;
				CLANG_WARN_EMPTY_BODY = YES;
				CLANG_WARN_ENUM_CONVERSION = YES;
				CLANG_WARN_INFINITE_RECURSION = YES;
				CLANG_WARN_INT_CONVERSION = YES;
				CLANG_WARN_NON_LITERAL_NULL_CONVERSION = YES;
				CLANG_WARN_OBJC_IMPLICIT_RETAIN_SELF = YES;
				CLANG_WARN_OBJC_LITERAL_CONVERSION = YES;
				CLANG_WARN_OBJC_ROOT_CLASS = YES_ERROR;
				CLANG_WARN_RANGE_LOOP_ANALYSIS = YES;
				CLANG_WARN_STRICT_PROTOTYPES = YES;
				CLANG_WARN_SUSPICIOUS_MOVE = YES;
				CLANG_WARN_UNGUARDED_AVAILABILITY = YES_AGGRESSIVE;
				CLANG_WARN_UNREACHABLE_CODE = YES;
				CLANG_WARN__DUPLICATE_METHOD_MATCH = YES;
				CODE_SIGN_IDENTITY = "iPhone Developer";
				COPY_PHASE_STRIP = NO;
				DEBUG_INFORMATION_FORMAT = dwarf;
				ENABLE_STRICT_OBJC_MSGSEND = YES;
				ENABLE_TESTABILITY = YES;
				GCC_C_LANGUAGE_STANDARD = gnu11;
				GCC_DYNAMIC_NO_PIC = NO;
				GCC_NO_COMMON_BLOCKS = YES;
				GCC_OPTIMIZATION_LEVEL = 0;
				GCC_PREPROCESSOR_DEFINITIONS = (
					"DEBUG=1",
					"$(inherited)",
				);
				GCC_WARN_64_TO_32_BIT_CONVERSION = YES;
				GCC_WARN_ABOUT_RETURN_TYPE = YES_ERROR;
				GCC_WARN_UNDECLARED_SELECTOR = YES;
				GCC_WARN_UNINITIALIZED_AUTOS = YES_AGGRESSIVE;
				GCC_WARN_UNUSED_FUNCTION = YES;
				GCC_WARN_UNUSED_VARIABLE = YES;
				IPHONEOS_DEPLOYMENT_TARGET = 12.2;
				MTL_ENABLE_DEBUG_INFO = INCLUDE_SOURCE;
				MTL_FAST_MATH = YES;
				ONLY_ACTIVE_ARCH = YES;
				SDKROOT = iphoneos;
				SWIFT_ACTIVE_COMPILATION_CONDITIONS = DEBUG;
				SWIFT_OPTIMIZATION_LEVEL = "-Onone";
			};
			name = Debug;
		};
		33421CF922A56CAB00FE81AB /* Release */ = {
			isa = XCBuildConfiguration;
			buildSettings = {
				ALWAYS_SEARCH_USER_PATHS = NO;
				CLANG_ANALYZER_NONNULL = YES;
				CLANG_ANALYZER_NUMBER_OBJECT_CONVERSION = YES_AGGRESSIVE;
				CLANG_CXX_LANGUAGE_STANDARD = "gnu++14";
				CLANG_CXX_LIBRARY = "libc++";
				CLANG_ENABLE_MODULES = YES;
				CLANG_ENABLE_OBJC_ARC = YES;
				CLANG_ENABLE_OBJC_WEAK = YES;
				CLANG_WARN_BLOCK_CAPTURE_AUTORELEASING = YES;
				CLANG_WARN_BOOL_CONVERSION = YES;
				CLANG_WARN_COMMA = YES;
				CLANG_WARN_CONSTANT_CONVERSION = YES;
				CLANG_WARN_DEPRECATED_OBJC_IMPLEMENTATIONS = YES;
				CLANG_WARN_DIRECT_OBJC_ISA_USAGE = YES_ERROR;
				CLANG_WARN_DOCUMENTATION_COMMENTS = YES;
				CLANG_WARN_EMPTY_BODY = YES;
				CLANG_WARN_ENUM_CONVERSION = YES;
				CLANG_WARN_INFINITE_RECURSION = YES;
				CLANG_WARN_INT_CONVERSION = YES;
				CLANG_WARN_NON_LITERAL_NULL_CONVERSION = YES;
				CLANG_WARN_OBJC_IMPLICIT_RETAIN_SELF = YES;
				CLANG_WARN_OBJC_LITERAL_CONVERSION = YES;
				CLANG_WARN_OBJC_ROOT_CLASS = YES_ERROR;
				CLANG_WARN_RANGE_LOOP_ANALYSIS = YES;
				CLANG_WARN_STRICT_PROTOTYPES = YES;
				CLANG_WARN_SUSPICIOUS_MOVE = YES;
				CLANG_WARN_UNGUARDED_AVAILABILITY = YES_AGGRESSIVE;
				CLANG_WARN_UNREACHABLE_CODE = YES;
				CLANG_WARN__DUPLICATE_METHOD_MATCH = YES;
				CODE_SIGN_IDENTITY = "iPhone Developer";
				COPY_PHASE_STRIP = NO;
				DEBUG_INFORMATION_FORMAT = "dwarf-with-dsym";
				ENABLE_NS_ASSERTIONS = NO;
				ENABLE_STRICT_OBJC_MSGSEND = YES;
				GCC_C_LANGUAGE_STANDARD = gnu11;
				GCC_NO_COMMON_BLOCKS = YES;
				GCC_WARN_64_TO_32_BIT_CONVERSION = YES;
				GCC_WARN_ABOUT_RETURN_TYPE = YES_ERROR;
				GCC_WARN_UNDECLARED_SELECTOR = YES;
				GCC_WARN_UNINITIALIZED_AUTOS = YES_AGGRESSIVE;
				GCC_WARN_UNUSED_FUNCTION = YES;
				GCC_WARN_UNUSED_VARIABLE = YES;
				IPHONEOS_DEPLOYMENT_TARGET = 12.2;
				MTL_ENABLE_DEBUG_INFO = NO;
				MTL_FAST_MATH = YES;
				SDKROOT = iphoneos;
				SWIFT_COMPILATION_MODE = wholemodule;
				SWIFT_OPTIMIZATION_LEVEL = "-O";
				VALIDATE_PRODUCT = YES;
			};
			name = Release;
		};
		33421CFB22A56CAB00FE81AB /* Debug */ = {
			isa = XCBuildConfiguration;
			buildSettings = {
				ASSETCATALOG_COMPILER_APPICON_NAME = AppIcon;
				CODE_SIGN_STYLE = Automatic;
				DEVELOPMENT_TEAM = 8FX7X5MR74;
				INFOPLIST_FILE = "iOS-ARVideo/Resources/Info.plist";
				IPHONEOS_DEPLOYMENT_TARGET = 12.3;
				LD_RUNPATH_SEARCH_PATHS = (
					"$(inherited)",
					"@executable_path/Frameworks",
				);
				PRODUCT_BUNDLE_IDENTIFIER = "com.elezov.test.iOS-ARVideo";
				PRODUCT_NAME = "$(TARGET_NAME)";
				SWIFT_VERSION = 5.0;
				TARGETED_DEVICE_FAMILY = "1,2";
			};
			name = Debug;
		};
		33421CFC22A56CAB00FE81AB /* Release */ = {
			isa = XCBuildConfiguration;
			buildSettings = {
				ASSETCATALOG_COMPILER_APPICON_NAME = AppIcon;
				CODE_SIGN_STYLE = Automatic;
				DEVELOPMENT_TEAM = 8FX7X5MR74;
				INFOPLIST_FILE = "iOS-ARVideo/Resources/Info.plist";
				IPHONEOS_DEPLOYMENT_TARGET = 12.3;
				LD_RUNPATH_SEARCH_PATHS = (
					"$(inherited)",
					"@executable_path/Frameworks",
				);
				PRODUCT_BUNDLE_IDENTIFIER = "com.elezov.test.iOS-ARVideo";
				PRODUCT_NAME = "$(TARGET_NAME)";
				SWIFT_VERSION = 5.0;
				TARGETED_DEVICE_FAMILY = "1,2";
			};
			name = Release;
		};
/* End XCBuildConfiguration section */

/* Begin XCConfigurationList section */
		33421CE322A56CA900FE81AB /* Build configuration list for PBXProject "iOS-ARVideo" */ = {
			isa = XCConfigurationList;
			buildConfigurations = (
				33421CF822A56CAB00FE81AB /* Debug */,
				33421CF922A56CAB00FE81AB /* Release */,
			);
			defaultConfigurationIsVisible = 0;
			defaultConfigurationName = Release;
		};
		33421CFA22A56CAB00FE81AB /* Build configuration list for PBXNativeTarget "iOS-ARVideo" */ = {
			isa = XCConfigurationList;
			buildConfigurations = (
				33421CFB22A56CAB00FE81AB /* Debug */,
				33421CFC22A56CAB00FE81AB /* Release */,
			);
			defaultConfigurationIsVisible = 0;
			defaultConfigurationName = Release;
		};
/* End XCConfigurationList section */
	};
	rootObject = 33421CE022A56CA900FE81AB /* Project object */;
}
